{
  "version": 4,
  "terraform_version": "1.8.5",
  "serial": 4,
  "lineage": "da99ea43-e47b-1cc2-6264-dcf27b4a123a",
  "outputs": {},
  "resources": [
    {
      "mode": "managed",
      "type": "local_file",
      "name": "exemplo",
      "provider": "provider[\"registry.terraform.io/hashicorp/local\"]",
      "instances": [
        {
          "schema_version": 0,
          "attributes": {
            "content": "Full Cycle",
            "content_base64": null,
            "content_base64sha256": "SScLDvHzWCLtrrdwsfyJmZlYuCWHKFA4+aIq6e6wjl0=",
            "content_base64sha512": "BbNkfjO2XAg/XzuYJ6zbZZZN7m1aJ6paOEnq8hc2FSF3Y+9q0bP+mfs3jpAvaYSqucR2yvPGxCb3Vw7w/b2n/Q==",
            "content_md5": "aedaa642186adcd4fbb3a8310aa56060",
            "content_sha1": "5030f5a1c32cc3fa29ad77aefd16fa3a8ed3c666",
            "content_sha256": "49270b0ef1f35822edaeb770b1fc89999958b82587285038f9a22ae9eeb08e5d",
            "content_sha512": "05b3647e33b65c083f5f3b9827acdb65964dee6d5a27aa5a3849eaf2173615217763ef6ad1b3fe99fb378e902f6984aab9c476caf3c6c426f7570ef0fdbda7fd",
            "directory_permission": "0777",
            "file_permission": "0777",
            "filename": "exemplo.txt",
            "id": "5030f5a1c32cc3fa29ad77aefd16fa3a8ed3c666",
            "sensitive_content": null,
            "source": null
          },
          "sensitive_attributes": [
            [
              {
                "type": "get_attr",
                "value": "sensitive_content"
              }
            ]
          ]
        }
      ]
    }
  ],
  "check_results": null
}
