{
  "version": 4,
  "terraform_version": "1.8.5",
  "serial": 16,
  "lineage": "da99ea43-e47b-1cc2-6264-dcf27b4a123a",
  "outputs": {},
  "resources": [
    {
      "mode": "managed",
      "type": "local_file",
      "name": "exemplo",
      "provider": "provider[\"registry.terraform.io/hashicorp/local\"]",
      "instances": [
        {
          "schema_version": 0,
          "attributes": {
            "content": "Veio de ambiente",
            "content_base64": null,
            "content_base64sha256": "l2ReCxpAjBS70t6ip7o01pP8eWD0jPLHNYao5u0HkBE=",
            "content_base64sha512": "V+eKXwHFBD1qGj4AEq6zlYWPwkxDnaARdVTIMw8FWhhJ0ieyzb91jbFFpUCzYlpeKTciFLiz+f1btJ4LB9bnIQ==",
            "content_md5": "a388410141ce27ae9f2785566e8b2a78",
            "content_sha1": "08525af1d66bed960e519ca8db56973c2052be34",
            "content_sha256": "97645e0b1a408c14bbd2dea2a7ba34d693fc7960f48cf2c73586a8e6ed079011",
            "content_sha512": "57e78a5f01c5043d6a1a3e0012aeb395858fc24c439da0117554c8330f055a1849d227b2cdbf758db145a540b3625a5e29372214b8b3f9fd5bb49e0b07d6e721",
            "directory_permission": "0777",
            "file_permission": "0777",
            "filename": "exemplo.txt",
            "id": "08525af1d66bed960e519ca8db56973c2052be34",
            "sensitive_content": null,
            "source": null
          },
          "sensitive_attributes": [
            [
              {
                "type": "get_attr",
                "value": "sensitive_content"
              }
            ]
          ]
        }
      ]
    }
  ],
  "check_results": null
}
