{
  "version": 4,
  "terraform_version": "1.8.5",
  "serial": 25,
  "lineage": "da99ea43-e47b-1cc2-6264-dcf27b4a123a",
  "outputs": {
    "content": {
      "value": "Output",
      "type": "string"
    },
    "id_file": {
      "value": "4bed336194a9a5c86b6a734f03b3570d2aae1a68",
      "type": "string"
    }
  },
  "resources": [
    {
      "mode": "data",
      "type": "local_file",
      "name": "name",
      "provider": "provider[\"registry.terraform.io/hashicorp/local\"]",
      "instances": [
        {
          "schema_version": 0,
          "attributes": {
            "content": "Output",
            "content_base64": "T3V0cHV0",
            "content_base64sha256": "skOby43uFLaF8TfylLDgy2L1qt9FFDzgHXl3fUNak7Q=",
            "content_base64sha512": "fio5opLcOZ+j1LT+HDMp4o7w2SKjbBA1KWtBgMBYMKk2a9LjzfDDSHZC1dEm4EC2f5yaCzqw57CdiZxd9pIsXw==",
            "content_md5": "29c2c02a361c9d7028472e5d92cd4a54",
            "content_sha1": "4bed336194a9a5c86b6a734f03b3570d2aae1a68",
            "content_sha256": "b2439bcb8dee14b685f137f294b0e0cb62f5aadf45143ce01d79777d435a93b4",
            "content_sha512": "7e2a39a292dc399fa3d4b4fe1c3329e28ef0d922a36c1035296b4180c05830a9366bd2e3cdf0c3487642d5d126e040b67f9c9a0b3ab0e7b09d899c5df6922c5f",
            "filename": "exemplo.txt",
            "id": "4bed336194a9a5c86b6a734f03b3570d2aae1a68"
          },
          "sensitive_attributes": []
        }
      ]
    },
    {
      "mode": "managed",
      "type": "local_file",
      "name": "exemplo",
      "provider": "provider[\"registry.terraform.io/hashicorp/local\"]",
      "instances": [
        {
          "schema_version": 0,
          "attributes": {
            "content": "Output",
            "content_base64": null,
            "content_base64sha256": "skOby43uFLaF8TfylLDgy2L1qt9FFDzgHXl3fUNak7Q=",
            "content_base64sha512": "fio5opLcOZ+j1LT+HDMp4o7w2SKjbBA1KWtBgMBYMKk2a9LjzfDDSHZC1dEm4EC2f5yaCzqw57CdiZxd9pIsXw==",
            "content_md5": "29c2c02a361c9d7028472e5d92cd4a54",
            "content_sha1": "4bed336194a9a5c86b6a734f03b3570d2aae1a68",
            "content_sha256": "b2439bcb8dee14b685f137f294b0e0cb62f5aadf45143ce01d79777d435a93b4",
            "content_sha512": "7e2a39a292dc399fa3d4b4fe1c3329e28ef0d922a36c1035296b4180c05830a9366bd2e3cdf0c3487642d5d126e040b67f9c9a0b3ab0e7b09d899c5df6922c5f",
            "directory_permission": "0777",
            "file_permission": "0777",
            "filename": "exemplo.txt",
            "id": "4bed336194a9a5c86b6a734f03b3570d2aae1a68",
            "sensitive_content": null,
            "source": null
          },
          "sensitive_attributes": [
            [
              {
                "type": "get_attr",
                "value": "sensitive_content"
              }
            ]
          ]
        }
      ]
    }
  ],
  "check_results": null
}
